// !$*UTF8*$!
{
	archiveVersion = 1;
	classes = {
	};
	objectVersion = 56;
	objects = {

/* Begin PBXBuildFile section */
		4F36E8952AAA1BB000C2F6DE /* LifePlusApp.swift in Sources */ = {isa = PBXBuildFile; fileRef = 4F36E8942AAA1BB000C2F6DE /* LifePlusApp.swift */; };
		4F36E8972AAA1BB000C2F6DE /* HomeView.swift in Sources */ = {isa = PBXBuildFile; fileRef = 4F36E8962AAA1BB000C2F6DE /* HomeView.swift */; };
		4F36E8992AAA1BB200C2F6DE /* Assets.xcassets in Resources */ = {isa = PBXBuildFile; fileRef = 4F36E8982AAA1BB200C2F6DE /* Assets.xcassets */; };
		4F36E89C2AAA1BB200C2F6DE /* Preview Assets.xcassets in Resources */ = {isa = PBXBuildFile; fileRef = 4F36E89B2AAA1BB200C2F6DE /* Preview Assets.xcassets */; };
		B912787C2ACB20F4009BC05B /* GoalCView.swift in Sources */ = {isa = PBXBuildFile; fileRef = B912787B2ACB20F4009BC05B /* GoalCView.swift */; };
		B913E64F2ADB8AC600F79155 /* PListCView.swift in Sources */ = {isa = PBXBuildFile; fileRef = B913E64E2ADB8AC600F79155 /* PListCView.swift */; };
		B913E6512ADBA19D00F79155 /* CalendarListsView.swift in Sources */ = {isa = PBXBuildFile; fileRef = B913E6502ADBA19D00F79155 /* CalendarListsView.swift */; };
		B913E6532ADBA26100F79155 /* ListsTabView.swift in Sources */ = {isa = PBXBuildFile; fileRef = B913E6522ADBA26100F79155 /* ListsTabView.swift */; };
		B92C9F9E2ACDEC7200DC8AC3 /* PopUpWindow.swift in Sources */ = {isa = PBXBuildFile; fileRef = B92C9F9D2ACDEC7200DC8AC3 /* PopUpWindow.swift */; };
		B941C98C2AD5EE3500E9A965 /* PopUpWindowTask.swift in Sources */ = {isa = PBXBuildFile; fileRef = B941C98B2AD5EE3500E9A965 /* PopUpWindowTask.swift */; };
		B94BDB922ABA3D4F00729CED /* WalletView.swift in Sources */ = {isa = PBXBuildFile; fileRef = B94BDB912ABA3D4F00729CED /* WalletView.swift */; };
		B94BDB942ABA3D7600729CED /* RewardsView.swift in Sources */ = {isa = PBXBuildFile; fileRef = B94BDB932ABA3D7600729CED /* RewardsView.swift */; };
		B95FD11A2AC33EBC00E94A69 /* CoreDataViewModel.swift in Sources */ = {isa = PBXBuildFile; fileRef = B95FD1192AC33EBC00E94A69 /* CoreDataViewModel.swift */; };
		B968EF742AD9DD2000323CB8 /* AddListView.swift in Sources */ = {isa = PBXBuildFile; fileRef = B968EF732AD9DD2000323CB8 /* AddListView.swift */; };
		B97671162AC7781E004ECA14 /* FAQView.swift in Sources */ = {isa = PBXBuildFile; fileRef = B97671152AC7781E004ECA14 /* FAQView.swift */; };
		B97671182AC781CD004ECA14 /* PointSystemView.swift in Sources */ = {isa = PBXBuildFile; fileRef = B97671172AC781CD004ECA14 /* PointSystemView.swift */; };
		B976711A2AC781E4004ECA14 /* AboutView.swift in Sources */ = {isa = PBXBuildFile; fileRef = B97671192AC781E4004ECA14 /* AboutView.swift */; };
		B98220372AD73ED30016CEDA /* AddRewardView.swift in Sources */ = {isa = PBXBuildFile; fileRef = B98220362AD73ED30016CEDA /* AddRewardView.swift */; };
		B991C42E2AB8CBF500538860 /* AddTaskView.swift in Sources */ = {isa = PBXBuildFile; fileRef = B991C42D2AB8CBF400538860 /* AddTaskView.swift */; };
		B9A0DF922ACB29FD0075D75E /* AddGoalView.swift in Sources */ = {isa = PBXBuildFile; fileRef = B9A0DF912ACB29FD0075D75E /* AddGoalView.swift */; };
		B9ABD2362AC48F7700F2EC3B /* Library.swift in Sources */ = {isa = PBXBuildFile; fileRef = B9ABD2352AC48F7700F2EC3B /* Library.swift */; };
		B9ABEE4E2AC2185300426280 /* LifePlus.xcdatamodeld in Sources */ = {isa = PBXBuildFile; fileRef = B9ABEE4C2AC2185300426280 /* LifePlus.xcdatamodeld */; };
		B9BB39EC2AB4BAA500D9EE02 /* RewardView.swift in Sources */ = {isa = PBXBuildFile; fileRef = B9BB39EB2AB4BAA500D9EE02 /* RewardView.swift */; };
		B9BB39EE2AB4BF5F00D9EE02 /* GoalView.swift in Sources */ = {isa = PBXBuildFile; fileRef = B9BB39ED2AB4BF5F00D9EE02 /* GoalView.swift */; };
		B9BB39F22AB4DA1300D9EE02 /* HelpView.swift in Sources */ = {isa = PBXBuildFile; fileRef = B9BB39F12AB4DA1300D9EE02 /* HelpView.swift */; };
		B9BCAC992ADDF7B7007DAFC4 /* AddBasicTaskView.swift in Sources */ = {isa = PBXBuildFile; fileRef = B9BCAC982ADDF7B7007DAFC4 /* AddBasicTaskView.swift */; };
		B9BCAC9B2ADDFAC9007DAFC4 /* BasicTaskView.swift in Sources */ = {isa = PBXBuildFile; fileRef = B9BCAC9A2ADDFAC9007DAFC4 /* BasicTaskView.swift */; };
		B9BD3BD92AD9CD9B00D4EC92 /* ListCView.swift in Sources */ = {isa = PBXBuildFile; fileRef = B9BD3BD82AD9CD9B00D4EC92 /* ListCView.swift */; };
		B9BD3BDB2AD9CE4300D4EC92 /* ListsView.swift in Sources */ = {isa = PBXBuildFile; fileRef = B9BD3BDA2AD9CE4300D4EC92 /* ListsView.swift */; };
		B9C45E272AB0FB1500EA70CD /* TaskListView.swift in Sources */ = {isa = PBXBuildFile; fileRef = B9C45E262AB0FB1400EA70CD /* TaskListView.swift */; };
		B9C45E292AB0FFFF00EA70CD /* TaskView.swift in Sources */ = {isa = PBXBuildFile; fileRef = B9C45E282AB0FFFF00EA70CD /* TaskView.swift */; };
		B9C7A0622ADF1483004428CF /* DefaultTasksSelectionView.swift in Sources */ = {isa = PBXBuildFile; fileRef = B9C7A0612ADF1483004428CF /* DefaultTasksSelectionView.swift */; };
		B9C7A0642ADF2BFC004428CF /* DefaultTaskView.swift in Sources */ = {isa = PBXBuildFile; fileRef = B9C7A0632ADF2BFC004428CF /* DefaultTaskView.swift */; };
		B9C7A0662ADF2F11004428CF /* AddDefaultTaskView.swift in Sources */ = {isa = PBXBuildFile; fileRef = B9C7A0652ADF2F11004428CF /* AddDefaultTaskView.swift */; };
		B9D30D3B2ACC933900A96A54 /* DynamicColor.swift in Sources */ = {isa = PBXBuildFile; fileRef = B9D30D3A2ACC933900A96A54 /* DynamicColor.swift */; };
		B9DE3F7E2ABC84AA00C856FB /* RewardCView.swift in Sources */ = {isa = PBXBuildFile; fileRef = B9DE3F7D2ABC84AA00C856FB /* RewardCView.swift */; };
		B9E0FE202AC72E090016BE9A /* SettingsView.swift in Sources */ = {isa = PBXBuildFile; fileRef = B9E0FE1F2AC72E090016BE9A /* SettingsView.swift */; };
/* End PBXBuildFile section */

/* Begin PBXFileReference section */
		4F36E8912AAA1BB000C2F6DE /* LifePlus.app */ = {isa = PBXFileReference; explicitFileType = wrapper.application; includeInIndex = 0; path = LifePlus.app; sourceTree = BUILT_PRODUCTS_DIR; };
		4F36E8942AAA1BB000C2F6DE /* LifePlusApp.swift */ = {isa = PBXFileReference; lastKnownFileType = sourcecode.swift; path = LifePlusApp.swift; sourceTree = "<group>"; };
		4F36E8962AAA1BB000C2F6DE /* HomeView.swift */ = {isa = PBXFileReference; lastKnownFileType = sourcecode.swift; path = HomeView.swift; sourceTree = "<group>"; };
		4F36E8982AAA1BB200C2F6DE /* Assets.xcassets */ = {isa = PBXFileReference; lastKnownFileType = folder.assetcatalog; path = Assets.xcassets; sourceTree = "<group>"; };
		4F36E89B2AAA1BB200C2F6DE /* Preview Assets.xcassets */ = {isa = PBXFileReference; lastKnownFileType = folder.assetcatalog; path = "Preview Assets.xcassets"; sourceTree = "<group>"; };
		B912787B2ACB20F4009BC05B /* GoalCView.swift */ = {isa = PBXFileReference; lastKnownFileType = sourcecode.swift; path = GoalCView.swift; sourceTree = "<group>"; };
		B913E64E2ADB8AC600F79155 /* PListCView.swift */ = {isa = PBXFileReference; lastKnownFileType = sourcecode.swift; path = PListCView.swift; sourceTree = "<group>"; };
		B913E6502ADBA19D00F79155 /* CalendarListsView.swift */ = {isa = PBXFileReference; lastKnownFileType = sourcecode.swift; path = CalendarListsView.swift; sourceTree = "<group>"; };
		B913E6522ADBA26100F79155 /* ListsTabView.swift */ = {isa = PBXFileReference; lastKnownFileType = sourcecode.swift; path = ListsTabView.swift; sourceTree = "<group>"; };
		B92C9F9D2ACDEC7200DC8AC3 /* PopUpWindow.swift */ = {isa = PBXFileReference; lastKnownFileType = sourcecode.swift; path = PopUpWindow.swift; sourceTree = "<group>"; };
		B941C98B2AD5EE3500E9A965 /* PopUpWindowTask.swift */ = {isa = PBXFileReference; lastKnownFileType = sourcecode.swift; path = PopUpWindowTask.swift; sourceTree = "<group>"; };
		B94BDB912ABA3D4F00729CED /* WalletView.swift */ = {isa = PBXFileReference; lastKnownFileType = sourcecode.swift; path = WalletView.swift; sourceTree = "<group>"; };
		B94BDB932ABA3D7600729CED /* RewardsView.swift */ = {isa = PBXFileReference; lastKnownFileType = sourcecode.swift; path = RewardsView.swift; sourceTree = "<group>"; };
		B95FD1192AC33EBC00E94A69 /* CoreDataViewModel.swift */ = {isa = PBXFileReference; lastKnownFileType = sourcecode.swift; path = CoreDataViewModel.swift; sourceTree = "<group>"; };
		B968EF732AD9DD2000323CB8 /* AddListView.swift */ = {isa = PBXFileReference; lastKnownFileType = sourcecode.swift; path = AddListView.swift; sourceTree = "<group>"; };
		B97671152AC7781E004ECA14 /* FAQView.swift */ = {isa = PBXFileReference; lastKnownFileType = sourcecode.swift; path = FAQView.swift; sourceTree = "<group>"; };
		B97671172AC781CD004ECA14 /* PointSystemView.swift */ = {isa = PBXFileReference; lastKnownFileType = sourcecode.swift; path = PointSystemView.swift; sourceTree = "<group>"; };
		B97671192AC781E4004ECA14 /* AboutView.swift */ = {isa = PBXFileReference; lastKnownFileType = sourcecode.swift; path = AboutView.swift; sourceTree = "<group>"; };
		B98220362AD73ED30016CEDA /* AddRewardView.swift */ = {isa = PBXFileReference; lastKnownFileType = sourcecode.swift; path = AddRewardView.swift; sourceTree = "<group>"; };
		B991C42D2AB8CBF400538860 /* AddTaskView.swift */ = {isa = PBXFileReference; lastKnownFileType = sourcecode.swift; path = AddTaskView.swift; sourceTree = "<group>"; };
		B9A0DF912ACB29FD0075D75E /* AddGoalView.swift */ = {isa = PBXFileReference; lastKnownFileType = sourcecode.swift; path = AddGoalView.swift; sourceTree = "<group>"; };
		B9ABD2352AC48F7700F2EC3B /* Library.swift */ = {isa = PBXFileReference; lastKnownFileType = sourcecode.swift; path = Library.swift; sourceTree = "<group>"; };
		B9ABEE4D2AC2185300426280 /* Model.xcdatamodel */ = {isa = PBXFileReference; lastKnownFileType = wrapper.xcdatamodel; path = Model.xcdatamodel; sourceTree = "<group>"; };
		B9BB39EB2AB4BAA500D9EE02 /* RewardView.swift */ = {isa = PBXFileReference; lastKnownFileType = sourcecode.swift; path = RewardView.swift; sourceTree = "<group>"; };
		B9BB39ED2AB4BF5F00D9EE02 /* GoalView.swift */ = {isa = PBXFileReference; lastKnownFileType = sourcecode.swift; path = GoalView.swift; sourceTree = "<group>"; };
		B9BB39F12AB4DA1300D9EE02 /* HelpView.swift */ = {isa = PBXFileReference; lastKnownFileType = sourcecode.swift; path = HelpView.swift; sourceTree = "<group>"; };
		B9BCAC982ADDF7B7007DAFC4 /* AddBasicTaskView.swift */ = {isa = PBXFileReference; lastKnownFileType = sourcecode.swift; path = AddBasicTaskView.swift; sourceTree = "<group>"; };
		B9BCAC9A2ADDFAC9007DAFC4 /* BasicTaskView.swift */ = {isa = PBXFileReference; lastKnownFileType = sourcecode.swift; path = BasicTaskView.swift; sourceTree = "<group>"; };
		B9BD3BD82AD9CD9B00D4EC92 /* ListCView.swift */ = {isa = PBXFileReference; lastKnownFileType = sourcecode.swift; path = ListCView.swift; sourceTree = "<group>"; };
		B9BD3BDA2AD9CE4300D4EC92 /* ListsView.swift */ = {isa = PBXFileReference; lastKnownFileType = sourcecode.swift; path = ListsView.swift; sourceTree = "<group>"; };
		B9C45E262AB0FB1400EA70CD /* TaskListView.swift */ = {isa = PBXFileReference; lastKnownFileType = sourcecode.swift; path = TaskListView.swift; sourceTree = "<group>"; };
		B9C45E282AB0FFFF00EA70CD /* TaskView.swift */ = {isa = PBXFileReference; lastKnownFileType = sourcecode.swift; path = TaskView.swift; sourceTree = "<group>"; };
		B9C7A0612ADF1483004428CF /* DefaultTasksSelectionView.swift */ = {isa = PBXFileReference; lastKnownFileType = sourcecode.swift; path = DefaultTasksSelectionView.swift; sourceTree = "<group>"; };
		B9C7A0632ADF2BFC004428CF /* DefaultTaskView.swift */ = {isa = PBXFileReference; lastKnownFileType = sourcecode.swift; path = DefaultTaskView.swift; sourceTree = "<group>"; };
		B9C7A0652ADF2F11004428CF /* AddDefaultTaskView.swift */ = {isa = PBXFileReference; lastKnownFileType = sourcecode.swift; path = AddDefaultTaskView.swift; sourceTree = "<group>"; };
		B9D30D3A2ACC933900A96A54 /* DynamicColor.swift */ = {isa = PBXFileReference; lastKnownFileType = sourcecode.swift; path = DynamicColor.swift; sourceTree = "<group>"; };
		B9DE3F7D2ABC84AA00C856FB /* RewardCView.swift */ = {isa = PBXFileReference; lastKnownFileType = sourcecode.swift; path = RewardCView.swift; sourceTree = "<group>"; };
		B9E0FE1F2AC72E090016BE9A /* SettingsView.swift */ = {isa = PBXFileReference; lastKnownFileType = sourcecode.swift; path = SettingsView.swift; sourceTree = "<group>"; };
/* End PBXFileReference section */

/* Begin PBXFrameworksBuildPhase section */
		4F36E88E2AAA1BB000C2F6DE /* Frameworks */ = {
			isa = PBXFrameworksBuildPhase;
			buildActionMask = 2147483647;
			files = (
			);
			runOnlyForDeploymentPostprocessing = 0;
		};
/* End PBXFrameworksBuildPhase section */

/* Begin PBXGroup section */
		4F36E8882AAA1BB000C2F6DE = {
			isa = PBXGroup;
			children = (
				4F36E8932AAA1BB000C2F6DE /* LifePlus */,
				4F36E8922AAA1BB000C2F6DE /* Products */,
			);
			sourceTree = "<group>";
		};
		4F36E8922AAA1BB000C2F6DE /* Products */ = {
			isa = PBXGroup;
			children = (
				4F36E8912AAA1BB000C2F6DE /* LifePlus.app */,
			);
			name = Products;
			sourceTree = "<group>";
		};
		4F36E8932AAA1BB000C2F6DE /* LifePlus */ = {
			isa = PBXGroup;
			children = (
				B9ABEE4C2AC2185300426280 /* LifePlus.xcdatamodeld */,
				4F36E8942AAA1BB000C2F6DE /* LifePlusApp.swift */,
				4F36E8962AAA1BB000C2F6DE /* HomeView.swift */,
				4F36E8982AAA1BB200C2F6DE /* Assets.xcassets */,
				4F36E89A2AAA1BB200C2F6DE /* Preview Content */,
				B9C45E262AB0FB1400EA70CD /* TaskListView.swift */,
				B9C45E282AB0FFFF00EA70CD /* TaskView.swift */,
				B9BB39EB2AB4BAA500D9EE02 /* RewardView.swift */,
				B9BB39ED2AB4BF5F00D9EE02 /* GoalView.swift */,
				B9BB39F12AB4DA1300D9EE02 /* HelpView.swift */,
				B991C42D2AB8CBF400538860 /* AddTaskView.swift */,
				B94BDB912ABA3D4F00729CED /* WalletView.swift */,
				B94BDB932ABA3D7600729CED /* RewardsView.swift */,
				B9DE3F7D2ABC84AA00C856FB /* RewardCView.swift */,
				B95FD1192AC33EBC00E94A69 /* CoreDataViewModel.swift */,
				B9ABD2352AC48F7700F2EC3B /* Library.swift */,
				B9E0FE1F2AC72E090016BE9A /* SettingsView.swift */,
				B97671152AC7781E004ECA14 /* FAQView.swift */,
				B97671172AC781CD004ECA14 /* PointSystemView.swift */,
				B97671192AC781E4004ECA14 /* AboutView.swift */,
				B912787B2ACB20F4009BC05B /* GoalCView.swift */,
				B9A0DF912ACB29FD0075D75E /* AddGoalView.swift */,
				B9D30D3A2ACC933900A96A54 /* DynamicColor.swift */,
				B92C9F9D2ACDEC7200DC8AC3 /* PopUpWindow.swift */,
				B941C98B2AD5EE3500E9A965 /* PopUpWindowTask.swift */,
				B98220362AD73ED30016CEDA /* AddRewardView.swift */,
				B9BD3BD82AD9CD9B00D4EC92 /* ListCView.swift */,
				B9BD3BDA2AD9CE4300D4EC92 /* ListsView.swift */,
				B968EF732AD9DD2000323CB8 /* AddListView.swift */,
				B913E64E2ADB8AC600F79155 /* PListCView.swift */,
				B913E6502ADBA19D00F79155 /* CalendarListsView.swift */,
				B913E6522ADBA26100F79155 /* ListsTabView.swift */,
				B9BCAC982ADDF7B7007DAFC4 /* AddBasicTaskView.swift */,
				B9BCAC9A2ADDFAC9007DAFC4 /* BasicTaskView.swift */,
				B9C7A0612ADF1483004428CF /* DefaultTasksSelectionView.swift */,
				B9C7A0632ADF2BFC004428CF /* DefaultTaskView.swift */,
				B9C7A0652ADF2F11004428CF /* AddDefaultTaskView.swift */,
			);
			path = LifePlus;
			sourceTree = "<group>";
		};
		4F36E89A2AAA1BB200C2F6DE /* Preview Content */ = {
			isa = PBXGroup;
			children = (
				4F36E89B2AAA1BB200C2F6DE /* Preview Assets.xcassets */,
			);
			path = "Preview Content";
			sourceTree = "<group>";
		};
/* End PBXGroup section */

/* Begin PBXNativeTarget section */
		4F36E8902AAA1BB000C2F6DE /* LifePlus */ = {
			isa = PBXNativeTarget;
			buildConfigurationList = 4F36E89F2AAA1BB200C2F6DE /* Build configuration list for PBXNativeTarget "LifePlus" */;
			buildPhases = (
				4F36E88D2AAA1BB000C2F6DE /* Sources */,
				4F36E88E2AAA1BB000C2F6DE /* Frameworks */,
				4F36E88F2AAA1BB000C2F6DE /* Resources */,
			);
			buildRules = (
			);
			dependencies = (
			);
			name = LifePlus;
			productName = Demo2;
			productReference = 4F36E8912AAA1BB000C2F6DE /* LifePlus.app */;
			productType = "com.apple.product-type.application";
		};
/* End PBXNativeTarget section */

/* Begin PBXProject section */
		4F36E8892AAA1BB000C2F6DE /* Project object */ = {
			isa = PBXProject;
			attributes = {
				BuildIndependentTargetsInParallel = 1;
				LastSwiftUpdateCheck = 1420;
				LastUpgradeCheck = 1420;
				TargetAttributes = {
					4F36E8902AAA1BB000C2F6DE = {
						CreatedOnToolsVersion = 14.2;
					};
				};
			};
			buildConfigurationList = 4F36E88C2AAA1BB000C2F6DE /* Build configuration list for PBXProject "LifePlus" */;
			compatibilityVersion = "Xcode 14.0";
			developmentRegion = en;
			hasScannedForEncodings = 0;
			knownRegions = (
				en,
				Base,
			);
			mainGroup = 4F36E8882AAA1BB000C2F6DE;
			productRefGroup = 4F36E8922AAA1BB000C2F6DE /* Products */;
			projectDirPath = "";
			projectRoot = "";
			targets = (
				4F36E8902AAA1BB000C2F6DE /* LifePlus */,
			);
		};
/* End PBXProject section */

/* Begin PBXResourcesBuildPhase section */
		4F36E88F2AAA1BB000C2F6DE /* Resources */ = {
			isa = PBXResourcesBuildPhase;
			buildActionMask = 2147483647;
			files = (
				4F36E89C2AAA1BB200C2F6DE /* Preview Assets.xcassets in Resources */,
				4F36E8992AAA1BB200C2F6DE /* Assets.xcassets in Resources */,
			);
			runOnlyForDeploymentPostprocessing = 0;
		};
/* End PBXResourcesBuildPhase section */

/* Begin PBXSourcesBuildPhase section */
		4F36E88D2AAA1BB000C2F6DE /* Sources */ = {
			isa = PBXSourcesBuildPhase;
			buildActionMask = 2147483647;
			files = (
				B95FD11A2AC33EBC00E94A69 /* CoreDataViewModel.swift in Sources */,
				4F36E8972AAA1BB000C2F6DE /* HomeView.swift in Sources */,
				B9BD3BD92AD9CD9B00D4EC92 /* ListCView.swift in Sources */,
				B9DE3F7E2ABC84AA00C856FB /* RewardCView.swift in Sources */,
				B991C42E2AB8CBF500538860 /* AddTaskView.swift in Sources */,
				B9BCAC992ADDF7B7007DAFC4 /* AddBasicTaskView.swift in Sources */,
				B913E64F2ADB8AC600F79155 /* PListCView.swift in Sources */,
				B9C7A0662ADF2F11004428CF /* AddDefaultTaskView.swift in Sources */,
				B94BDB922ABA3D4F00729CED /* WalletView.swift in Sources */,
				B97671162AC7781E004ECA14 /* FAQView.swift in Sources */,
				B98220372AD73ED30016CEDA /* AddRewardView.swift in Sources */,
				B9ABEE4E2AC2185300426280 /* LifePlus.xcdatamodeld in Sources */,
				B9BB39EC2AB4BAA500D9EE02 /* RewardView.swift in Sources */,
				B9C45E272AB0FB1500EA70CD /* TaskListView.swift in Sources */,
				B97671182AC781CD004ECA14 /* PointSystemView.swift in Sources */,
				B912787C2ACB20F4009BC05B /* GoalCView.swift in Sources */,
				B913E6532ADBA26100F79155 /* ListsTabView.swift in Sources */,
				B913E6512ADBA19D00F79155 /* CalendarListsView.swift in Sources */,
				B9A0DF922ACB29FD0075D75E /* AddGoalView.swift in Sources */,
				B968EF742AD9DD2000323CB8 /* AddListView.swift in Sources */,
				B9BD3BDB2AD9CE4300D4EC92 /* ListsView.swift in Sources */,
				B9E0FE202AC72E090016BE9A /* SettingsView.swift in Sources */,
				B9BB39F22AB4DA1300D9EE02 /* HelpView.swift in Sources */,
				4F36E8952AAA1BB000C2F6DE /* LifePlusApp.swift in Sources */,
				B9BB39EE2AB4BF5F00D9EE02 /* GoalView.swift in Sources */,
				B92C9F9E2ACDEC7200DC8AC3 /* PopUpWindow.swift in Sources */,
				B9C45E292AB0FFFF00EA70CD /* TaskView.swift in Sources */,
				B9C7A0622ADF1483004428CF /* DefaultTasksSelectionView.swift in Sources */,
				B976711A2AC781E4004ECA14 /* AboutView.swift in Sources */,
				B9D30D3B2ACC933900A96A54 /* DynamicColor.swift in Sources */,
				B94BDB942ABA3D7600729CED /* RewardsView.swift in Sources */,
				B9ABD2362AC48F7700F2EC3B /* Library.swift in Sources */,
				B9BCAC9B2ADDFAC9007DAFC4 /* BasicTaskView.swift in Sources */,
				B941C98C2AD5EE3500E9A965 /* PopUpWindowTask.swift in Sources */,
				B9C7A0642ADF2BFC004428CF /* DefaultTaskView.swift in Sources */,
			);
			runOnlyForDeploymentPostprocessing = 0;
		};
/* End PBXSourcesBuildPhase section */

/* Begin XCBuildConfiguration section */
		4F36E89D2AAA1BB200C2F6DE /* Debug */ = {
			isa = XCBuildConfiguration;
			buildSettings = {
				ALWAYS_SEARCH_USER_PATHS = NO;
				CLANG_ANALYZER_NONNULL = YES;
				CLANG_ANALYZER_NUMBER_OBJECT_CONVERSION = YES_AGGRESSIVE;
				CLANG_CXX_LANGUAGE_STANDARD = "gnu++20";
				CLANG_ENABLE_MODULES = YES;
				CLANG_ENABLE_OBJC_ARC = YES;
				CLANG_ENABLE_OBJC_WEAK = YES;
				CLANG_WARN_BLOCK_CAPTURE_AUTORELEASING = YES;
				CLANG_WARN_BOOL_CONVERSION = YES;
				CLANG_WARN_COMMA = YES;
				CLANG_WARN_CONSTANT_CONVERSION = YES;
				CLANG_WARN_DEPRECATED_OBJC_IMPLEMENTATIONS = YES;
				CLANG_WARN_DIRECT_OBJC_ISA_USAGE = YES_ERROR;
				CLANG_WARN_DOCUMENTATION_COMMENTS = YES;
				CLANG_WARN_EMPTY_BODY = YES;
				CLANG_WARN_ENUM_CONVERSION = YES;
				CLANG_WARN_INFINITE_RECURSION = YES;
				CLANG_WARN_INT_CONVERSION = YES;
				CLANG_WARN_NON_LITERAL_NULL_CONVERSION = YES;
				CLANG_WARN_OBJC_IMPLICIT_RETAIN_SELF = YES;
				CLANG_WARN_OBJC_LITERAL_CONVERSION = YES;
				CLANG_WARN_OBJC_ROOT_CLASS = YES_ERROR;
				CLANG_WARN_QUOTED_INCLUDE_IN_FRAMEWORK_HEADER = YES;
				CLANG_WARN_RANGE_LOOP_ANALYSIS = YES;
				CLANG_WARN_STRICT_PROTOTYPES = YES;
				CLANG_WARN_SUSPICIOUS_MOVE = YES;
				CLANG_WARN_UNGUARDED_AVAILABILITY = YES_AGGRESSIVE;
				CLANG_WARN_UNREACHABLE_CODE = YES;
				CLANG_WARN__DUPLICATE_METHOD_MATCH = YES;
				COPY_PHASE_STRIP = NO;
				DEBUG_INFORMATION_FORMAT = dwarf;
				ENABLE_STRICT_OBJC_MSGSEND = YES;
				ENABLE_TESTABILITY = YES;
				GCC_C_LANGUAGE_STANDARD = gnu11;
				GCC_DYNAMIC_NO_PIC = NO;
				GCC_NO_COMMON_BLOCKS = YES;
				GCC_OPTIMIZATION_LEVEL = 0;
				GCC_PREPROCESSOR_DEFINITIONS = (
					"DEBUG=1",
					"$(inherited)",
				);
				GCC_WARN_64_TO_32_BIT_CONVERSION = YES;
				GCC_WARN_ABOUT_RETURN_TYPE = YES_ERROR;
				GCC_WARN_UNDECLARED_SELECTOR = YES;
				GCC_WARN_UNINITIALIZED_AUTOS = YES_AGGRESSIVE;
				GCC_WARN_UNUSED_FUNCTION = YES;
				GCC_WARN_UNUSED_VARIABLE = YES;
				IPHONEOS_DEPLOYMENT_TARGET = 16.2;
				MTL_ENABLE_DEBUG_INFO = INCLUDE_SOURCE;
				MTL_FAST_MATH = YES;
				ONLY_ACTIVE_ARCH = YES;
				SDKROOT = iphoneos;
				SWIFT_ACTIVE_COMPILATION_CONDITIONS = DEBUG;
				SWIFT_OPTIMIZATION_LEVEL = "-Onone";
			};
			name = Debug;
		};
		4F36E89E2AAA1BB200C2F6DE /* Release */ = {
			isa = XCBuildConfiguration;
			buildSettings = {
				ALWAYS_SEARCH_USER_PATHS = NO;
				CLANG_ANALYZER_NONNULL = YES;
				CLANG_ANALYZER_NUMBER_OBJECT_CONVERSION = YES_AGGRESSIVE;
				CLANG_CXX_LANGUAGE_STANDARD = "gnu++20";
				CLANG_ENABLE_MODULES = YES;
				CLANG_ENABLE_OBJC_ARC = YES;
				CLANG_ENABLE_OBJC_WEAK = YES;
				CLANG_WARN_BLOCK_CAPTURE_AUTORELEASING = YES;
				CLANG_WARN_BOOL_CONVERSION = YES;
				CLANG_WARN_COMMA = YES;
				CLANG_WARN_CONSTANT_CONVERSION = YES;
				CLANG_WARN_DEPRECATED_OBJC_IMPLEMENTATIONS = YES;
				CLANG_WARN_DIRECT_OBJC_ISA_USAGE = YES_ERROR;
				CLANG_WARN_DOCUMENTATION_COMMENTS = YES;
				CLANG_WARN_EMPTY_BODY = YES;
				CLANG_WARN_ENUM_CONVERSION = YES;
				CLANG_WARN_INFINITE_RECURSION = YES;
				CLANG_WARN_INT_CONVERSION = YES;
				CLANG_WARN_NON_LITERAL_NULL_CONVERSION = YES;
				CLANG_WARN_OBJC_IMPLICIT_RETAIN_SELF = YES;
				CLANG_WARN_OBJC_LITERAL_CONVERSION = YES;
				CLANG_WARN_OBJC_ROOT_CLASS = YES_ERROR;
				CLANG_WARN_QUOTED_INCLUDE_IN_FRAMEWORK_HEADER = YES;
				CLANG_WARN_RANGE_LOOP_ANALYSIS = YES;
				CLANG_WARN_STRICT_PROTOTYPES = YES;
				CLANG_WARN_SUSPICIOUS_MOVE = YES;
				CLANG_WARN_UNGUARDED_AVAILABILITY = YES_AGGRESSIVE;
				CLANG_WARN_UNREACHABLE_CODE = YES;
				CLANG_WARN__DUPLICATE_METHOD_MATCH = YES;
				COPY_PHASE_STRIP = NO;
				DEBUG_INFORMATION_FORMAT = "dwarf-with-dsym";
				ENABLE_NS_ASSERTIONS = NO;
				ENABLE_STRICT_OBJC_MSGSEND = YES;
				GCC_C_LANGUAGE_STANDARD = gnu11;
				GCC_NO_COMMON_BLOCKS = YES;
				GCC_WARN_64_TO_32_BIT_CONVERSION = YES;
				GCC_WARN_ABOUT_RETURN_TYPE = YES_ERROR;
				GCC_WARN_UNDECLARED_SELECTOR = YES;
				GCC_WARN_UNINITIALIZED_AUTOS = YES_AGGRESSIVE;
				GCC_WARN_UNUSED_FUNCTION = YES;
				GCC_WARN_UNUSED_VARIABLE = YES;
				IPHONEOS_DEPLOYMENT_TARGET = 16.2;
				MTL_ENABLE_DEBUG_INFO = NO;
				MTL_FAST_MATH = YES;
				SDKROOT = iphoneos;
				SWIFT_COMPILATION_MODE = wholemodule;
				SWIFT_OPTIMIZATION_LEVEL = "-O";
				VALIDATE_PRODUCT = YES;
			};
			name = Release;
		};
		4F36E8A02AAA1BB200C2F6DE /* Debug */ = {
			isa = XCBuildConfiguration;
			buildSettings = {
				ASSETCATALOG_COMPILER_APPICON_NAME = AppIcon;
				ASSETCATALOG_COMPILER_GLOBAL_ACCENT_COLOR_NAME = AccentColor;
				CODE_SIGN_STYLE = Automatic;
				CURRENT_PROJECT_VERSION = 1;
				DEVELOPMENT_ASSET_PATHS = "\"LifePlus/Preview Content\"";
				DEVELOPMENT_TEAM = SHBM3UG95J;
				ENABLE_PREVIEWS = YES;
				GENERATE_INFOPLIST_FILE = YES;
				INFOPLIST_KEY_UIApplicationSceneManifest_Generation = YES;
				INFOPLIST_KEY_UIApplicationSupportsIndirectInputEvents = YES;
				INFOPLIST_KEY_UILaunchScreen_Generation = YES;
				INFOPLIST_KEY_UISupportedInterfaceOrientations_iPad = "UIInterfaceOrientationPortrait UIInterfaceOrientationPortraitUpsideDown UIInterfaceOrientationLandscapeLeft UIInterfaceOrientationLandscapeRight";
				INFOPLIST_KEY_UISupportedInterfaceOrientations_iPhone = UIInterfaceOrientationPortrait;
				IPHONEOS_DEPLOYMENT_TARGET = 16.0;
				LD_RUNPATH_SEARCH_PATHS = (
					"$(inherited)",
					"@executable_path/Frameworks",
				);
				MARKETING_VERSION = 1.0;
				PRODUCT_BUNDLE_IDENTIFIER = Calypso.Demo2;
				PRODUCT_NAME = "$(TARGET_NAME)";
				SWIFT_EMIT_LOC_STRINGS = YES;
				SWIFT_VERSION = 5.0;
				TARGETED_DEVICE_FAMILY = "1,2";
			};
			name = Debug;
		};
		4F36E8A12AAA1BB200C2F6DE /* Release */ = {
			isa = XCBuildConfiguration;
			buildSettings = {
				ASSETCATALOG_COMPILER_APPICON_NAME = AppIcon;
				ASSETCATALOG_COMPILER_GLOBAL_ACCENT_COLOR_NAME = AccentColor;
				CODE_SIGN_STYLE = Automatic;
				CURRENT_PROJECT_VERSION = 1;
				DEVELOPMENT_ASSET_PATHS = "\"LifePlus/Preview Content\"";
				DEVELOPMENT_TEAM = SHBM3UG95J;
				ENABLE_PREVIEWS = YES;
				GENERATE_INFOPLIST_FILE = YES;
				INFOPLIST_KEY_UIApplicationSceneManifest_Generation = YES;
				INFOPLIST_KEY_UIApplicationSupportsIndirectInputEvents = YES;
				INFOPLIST_KEY_UILaunchScreen_Generation = YES;
				INFOPLIST_KEY_UISupportedInterfaceOrientations_iPad = "UIInterfaceOrientationPortrait UIInterfaceOrientationPortraitUpsideDown UIInterfaceOrientationLandscapeLeft UIInterfaceOrientationLandscapeRight";
				INFOPLIST_KEY_UISupportedInterfaceOrientations_iPhone = UIInterfaceOrientationPortrait;
				IPHONEOS_DEPLOYMENT_TARGET = 16.0;
				LD_RUNPATH_SEARCH_PATHS = (
					"$(inherited)",
					"@executable_path/Frameworks",
				);
				MARKETING_VERSION = 1.0;
				PRODUCT_BUNDLE_IDENTIFIER = Calypso.Demo2;
				PRODUCT_NAME = "$(TARGET_NAME)";
				SWIFT_EMIT_LOC_STRINGS = YES;
				SWIFT_VERSION = 5.0;
				TARGETED_DEVICE_FAMILY = "1,2";
			};
			name = Release;
		};
/* End XCBuildConfiguration section */

/* Begin XCConfigurationList section */
		4F36E88C2AAA1BB000C2F6DE /* Build configuration list for PBXProject "LifePlus" */ = {
			isa = XCConfigurationList;
			buildConfigurations = (
				4F36E89D2AAA1BB200C2F6DE /* Debug */,
				4F36E89E2AAA1BB200C2F6DE /* Release */,
			);
			defaultConfigurationIsVisible = 0;
			defaultConfigurationName = Release;
		};
		4F36E89F2AAA1BB200C2F6DE /* Build configuration list for PBXNativeTarget "LifePlus" */ = {
			isa = XCConfigurationList;
			buildConfigurations = (
				4F36E8A02AAA1BB200C2F6DE /* Debug */,
				4F36E8A12AAA1BB200C2F6DE /* Release */,
			);
			defaultConfigurationIsVisible = 0;
			defaultConfigurationName = Release;
		};
/* End XCConfigurationList section */

/* Begin XCVersionGroup section */
		B9ABEE4C2AC2185300426280 /* LifePlus.xcdatamodeld */ = {
			isa = XCVersionGroup;
			children = (
				B9ABEE4D2AC2185300426280 /* Model.xcdatamodel */,
			);
			currentVersion = B9ABEE4D2AC2185300426280 /* Model.xcdatamodel */;
			path = LifePlus.xcdatamodeld;
			sourceTree = "<group>";
			versionGroupType = wrapper.xcdatamodel;
		};
/* End XCVersionGroup section */
	};
	rootObject = 4F36E8892AAA1BB000C2F6DE /* Project object */;
}
